// !$*UTF8*$!
{
	archiveVersion = 1;
	classes = {
	};
	objectVersion = 50;
	objects = {

/* Begin PBXBuildFile section */
		7F520ED323FC7FDC00E04122 /* AppDelegate.swift in Sources */ = {isa = PBXBuildFile; fileRef = 7F520ED223FC7FDC00E04122 /* AppDelegate.swift */; };
		7F520ED523FC7FDC00E04122 /* ViewController.swift in Sources */ = {isa = PBXBuildFile; fileRef = 7F520ED423FC7FDC00E04122 /* ViewController.swift */; };
		7F520ED823FC7FDC00E04122 /* Main.storyboard in Resources */ = {isa = PBXBuildFile; fileRef = 7F520ED623FC7FDC00E04122 /* Main.storyboard */; };
		7F520EDA23FC7FDD00E04122 /* Assets.xcassets in Resources */ = {isa = PBXBuildFile; fileRef = 7F520ED923FC7FDD00E04122 /* Assets.xcassets */; };
		7F520EDD23FC7FDD00E04122 /* LaunchScreen.storyboard in Resources */ = {isa = PBXBuildFile; fileRef = 7F520EDB23FC7FDD00E04122 /* LaunchScreen.storyboard */; };
		7F520EE823FC7FDD00E04122 /* AppBuildOneTests.swift in Sources */ = {isa = PBXBuildFile; fileRef = 7F520EE723FC7FDD00E04122 /* AppBuildOneTests.swift */; };
		7F520EF323FC7FDE00E04122 /* AppBuildOneUITests.swift in Sources */ = {isa = PBXBuildFile; fileRef = 7F520EF223FC7FDE00E04122 /* AppBuildOneUITests.swift */; };
/* End PBXBuildFile section */

/* Begin PBXContainerItemProxy section */
		7F520EE423FC7FDD00E04122 /* PBXContainerItemProxy */ = {
			isa = PBXContainerItemProxy;
			containerPortal = 7F520EC723FC7FDC00E04122 /* Project object */;
			proxyType = 1;
			remoteGlobalIDString = 7F520ECE23FC7FDC00E04122;
			remoteInfo = AppBuildOne;
		};
		7F520EEF23FC7FDE00E04122 /* PBXContainerItemProxy */ = {
			isa = PBXContainerItemProxy;
			containerPortal = 7F520EC723FC7FDC00E04122 /* Project object */;
			proxyType = 1;
			remoteGlobalIDString = 7F520ECE23FC7FDC00E04122;
			remoteInfo = AppBuildOne;
		};
/* End PBXContainerItemProxy section */

/* Begin PBXFileReference section */
		7F520ECF23FC7FDC00E04122 /* AppBuildOne.app */ = {isa = PBXFileReference; explicitFileType = wrapper.application; includeInIndex = 0; path = AppBuildOne.app; sourceTree = BUILT_PRODUCTS_DIR; };
		7F520ED223FC7FDC00E04122 /* AppDelegate.swift */ = {isa = PBXFileReference; lastKnownFileType = sourcecode.swift; path = AppDelegate.swift; sourceTree = "<group>"; };
		7F520ED423FC7FDC00E04122 /* ViewController.swift */ = {isa = PBXFileReference; lastKnownFileType = sourcecode.swift; path = ViewController.swift; sourceTree = "<group>"; };
		7F520ED723FC7FDC00E04122 /* Base */ = {isa = PBXFileReference; lastKnownFileType = file.storyboard; name = Base; path = Base.lproj/Main.storyboard; sourceTree = "<group>"; };
		7F520ED923FC7FDD00E04122 /* Assets.xcassets */ = {isa = PBXFileReference; lastKnownFileType = folder.assetcatalog; path = Assets.xcassets; sourceTree = "<group>"; };
		7F520EDC23FC7FDD00E04122 /* Base */ = {isa = PBXFileReference; lastKnownFileType = file.storyboard; name = Base; path = Base.lproj/LaunchScreen.storyboard; sourceTree = "<group>"; };
		7F520EDE23FC7FDD00E04122 /* Info.plist */ = {isa = PBXFileReference; lastKnownFileType = text.plist.xml; path = Info.plist; sourceTree = "<group>"; };
		7F520EE323FC7FDD00E04122 /* AppBuildOneTests.xctest */ = {isa = PBXFileReference; explicitFileType = wrapper.cfbundle; includeInIndex = 0; path = AppBuildOneTests.xctest; sourceTree = BUILT_PRODUCTS_DIR; };
		7F520EE723FC7FDD00E04122 /* AppBuildOneTests.swift */ = {isa = PBXFileReference; lastKnownFileType = sourcecode.swift; path = AppBuildOneTests.swift; sourceTree = "<group>"; };
		7F520EE923FC7FDD00E04122 /* Info.plist */ = {isa = PBXFileReference; lastKnownFileType = text.plist.xml; path = Info.plist; sourceTree = "<group>"; };
		7F520EEE23FC7FDE00E04122 /* AppBuildOneUITests.xctest */ = {isa = PBXFileReference; explicitFileType = wrapper.cfbundle; includeInIndex = 0; path = AppBuildOneUITests.xctest; sourceTree = BUILT_PRODUCTS_DIR; };
		7F520EF223FC7FDE00E04122 /* AppBuildOneUITests.swift */ = {isa = PBXFileReference; lastKnownFileType = sourcecode.swift; path = AppBuildOneUITests.swift; sourceTree = "<group>"; };
		7F520EF423FC7FDE00E04122 /* Info.plist */ = {isa = PBXFileReference; lastKnownFileType = text.plist.xml; path = Info.plist; sourceTree = "<group>"; };
/* End PBXFileReference section */

/* Begin PBXFrameworksBuildPhase section */
		7F520ECC23FC7FDC00E04122 /* Frameworks */ = {
			isa = PBXFrameworksBuildPhase;
			buildActionMask = 2147483647;
			files = (
			);
			runOnlyForDeploymentPostprocessing = 0;
		};
		7F520EE023FC7FDD00E04122 /* Frameworks */ = {
			isa = PBXFrameworksBuildPhase;
			buildActionMask = 2147483647;
			files = (
			);
			runOnlyForDeploymentPostprocessing = 0;
		};
		7F520EEB23FC7FDE00E04122 /* Frameworks */ = {
			isa = PBXFrameworksBuildPhase;
			buildActionMask = 2147483647;
			files = (
			);
			runOnlyForDeploymentPostprocessing = 0;
		};
/* End PBXFrameworksBuildPhase section */

/* Begin PBXGroup section */
		7F520EC623FC7FDC00E04122 = {
			isa = PBXGroup;
			children = (
				7F520ED123FC7FDC00E04122 /* AppBuildOne */,
				7F520EE623FC7FDD00E04122 /* AppBuildOneTests */,
				7F520EF123FC7FDE00E04122 /* AppBuildOneUITests */,
				7F520ED023FC7FDC00E04122 /* Products */,
			);
			sourceTree = "<group>";
		};
		7F520ED023FC7FDC00E04122 /* Products */ = {
			isa = PBXGroup;
			children = (
				7F520ECF23FC7FDC00E04122 /* AppBuildOne.app */,
				7F520EE323FC7FDD00E04122 /* AppBuildOneTests.xctest */,
				7F520EEE23FC7FDE00E04122 /* AppBuildOneUITests.xctest */,
			);
			name = Products;
			sourceTree = "<group>";
		};
		7F520ED123FC7FDC00E04122 /* AppBuildOne */ = {
			isa = PBXGroup;
			children = (
				7F520ED223FC7FDC00E04122 /* AppDelegate.swift */,
				7F520ED423FC7FDC00E04122 /* ViewController.swift */,
				7F520ED623FC7FDC00E04122 /* Main.storyboard */,
				7F520ED923FC7FDD00E04122 /* Assets.xcassets */,
				7F520EDB23FC7FDD00E04122 /* LaunchScreen.storyboard */,
				7F520EDE23FC7FDD00E04122 /* Info.plist */,
			);
			path = AppBuildOne;
			sourceTree = "<group>";
		};
		7F520EE623FC7FDD00E04122 /* AppBuildOneTests */ = {
			isa = PBXGroup;
			children = (
				7F520EE723FC7FDD00E04122 /* AppBuildOneTests.swift */,
				7F520EE923FC7FDD00E04122 /* Info.plist */,
			);
			path = AppBuildOneTests;
			sourceTree = "<group>";
		};
		7F520EF123FC7FDE00E04122 /* AppBuildOneUITests */ = {
			isa = PBXGroup;
			children = (
				7F520EF223FC7FDE00E04122 /* AppBuildOneUITests.swift */,
				7F520EF423FC7FDE00E04122 /* Info.plist */,
			);
			path = AppBuildOneUITests;
			sourceTree = "<group>";
		};
/* End PBXGroup section */

/* Begin PBXNativeTarget section */
		7F520ECE23FC7FDC00E04122 /* AppBuildOne */ = {
			isa = PBXNativeTarget;
			buildConfigurationList = 7F520EF723FC7FDE00E04122 /* Build configuration list for PBXNativeTarget "AppBuildOne" */;
			buildPhases = (
				7F520ECB23FC7FDC00E04122 /* Sources */,
				7F520ECC23FC7FDC00E04122 /* Frameworks */,
				7F520ECD23FC7FDC00E04122 /* Resources */,
			);
			buildRules = (
			);
			dependencies = (
			);
			name = AppBuildOne;
			productName = AppBuildOne;
			productReference = 7F520ECF23FC7FDC00E04122 /* AppBuildOne.app */;
			productType = "com.apple.product-type.application";
		};
		7F520EE223FC7FDD00E04122 /* AppBuildOneTests */ = {
			isa = PBXNativeTarget;
			buildConfigurationList = 7F520EFA23FC7FDE00E04122 /* Build configuration list for PBXNativeTarget "AppBuildOneTests" */;
			buildPhases = (
				7F520EDF23FC7FDD00E04122 /* Sources */,
				7F520EE023FC7FDD00E04122 /* Frameworks */,
				7F520EE123FC7FDD00E04122 /* Resources */,
			);
			buildRules = (
			);
			dependencies = (
				7F520EE523FC7FDD00E04122 /* PBXTargetDependency */,
			);
			name = AppBuildOneTests;
			productName = AppBuildOneTests;
			productReference = 7F520EE323FC7FDD00E04122 /* AppBuildOneTests.xctest */;
			productType = "com.apple.product-type.bundle.unit-test";
		};
		7F520EED23FC7FDE00E04122 /* AppBuildOneUITests */ = {
			isa = PBXNativeTarget;
			buildConfigurationList = 7F520EFD23FC7FDE00E04122 /* Build configuration list for PBXNativeTarget "AppBuildOneUITests" */;
			buildPhases = (
				7F520EEA23FC7FDE00E04122 /* Sources */,
				7F520EEB23FC7FDE00E04122 /* Frameworks */,
				7F520EEC23FC7FDE00E04122 /* Resources */,
			);
			buildRules = (
			);
			dependencies = (
				7F520EF023FC7FDE00E04122 /* PBXTargetDependency */,
			);
			name = AppBuildOneUITests;
			productName = AppBuildOneUITests;
			productReference = 7F520EEE23FC7FDE00E04122 /* AppBuildOneUITests.xctest */;
			productType = "com.apple.product-type.bundle.ui-testing";
		};
/* End PBXNativeTarget section */

/* Begin PBXProject section */
		7F520EC723FC7FDC00E04122 /* Project object */ = {
			isa = PBXProject;
			attributes = {
				LastSwiftUpdateCheck = 1010;
				LastUpgradeCheck = 1010;
				ORGANIZATIONNAME = "CM Student";
				TargetAttributes = {
					7F520ECE23FC7FDC00E04122 = {
						CreatedOnToolsVersion = 10.1;
					};
					7F520EE223FC7FDD00E04122 = {
						CreatedOnToolsVersion = 10.1;
						TestTargetID = 7F520ECE23FC7FDC00E04122;
					};
					7F520EED23FC7FDE00E04122 = {
						CreatedOnToolsVersion = 10.1;
						TestTargetID = 7F520ECE23FC7FDC00E04122;
					};
				};
			};
			buildConfigurationList = 7F520ECA23FC7FDC00E04122 /* Build configuration list for PBXProject "AppBuildOne" */;
			compatibilityVersion = "Xcode 9.3";
			developmentRegion = en;
			hasScannedForEncodings = 0;
			knownRegions = (
				en,
				Base,
			);
			mainGroup = 7F520EC623FC7FDC00E04122;
			productRefGroup = 7F520ED023FC7FDC00E04122 /* Products */;
			projectDirPath = "";
			projectRoot = "";
			targets = (
				7F520ECE23FC7FDC00E04122 /* AppBuildOne */,
				7F520EE223FC7FDD00E04122 /* AppBuildOneTests */,
				7F520EED23FC7FDE00E04122 /* AppBuildOneUITests */,
			);
		};
/* End PBXProject section */

/* Begin PBXResourcesBuildPhase section */
		7F520ECD23FC7FDC00E04122 /* Resources */ = {
			isa = PBXResourcesBuildPhase;
			buildActionMask = 2147483647;
			files = (
				7F520EDD23FC7FDD00E04122 /* LaunchScreen.storyboard in Resources */,
				7F520EDA23FC7FDD00E04122 /* Assets.xcassets in Resources */,
				7F520ED823FC7FDC00E04122 /* Main.storyboard in Resources */,
			);
			runOnlyForDeploymentPostprocessing = 0;
		};
		7F520EE123FC7FDD00E04122 /* Resources */ = {
			isa = PBXResourcesBuildPhase;
			buildActionMask = 2147483647;
			files = (
			);
			runOnlyForDeploymentPostprocessing = 0;
		};
		7F520EEC23FC7FDE00E04122 /* Resources */ = {
			isa = PBXResourcesBuildPhase;
			buildActionMask = 2147483647;
			files = (
			);
			runOnlyForDeploymentPostprocessing = 0;
		};
/* End PBXResourcesBuildPhase section */

/* Begin PBXSourcesBuildPhase section */
		7F520ECB23FC7FDC00E04122 /* Sources */ = {
			isa = PBXSourcesBuildPhase;
			buildActionMask = 2147483647;
			files = (
				7F520ED523FC7FDC00E04122 /* ViewController.swift in Sources */,
				7F520ED323FC7FDC00E04122 /* AppDelegate.swift in Sources */,
			);
			runOnlyForDeploymentPostprocessing = 0;
		};
		7F520EDF23FC7FDD00E04122 /* Sources */ = {
			isa = PBXSourcesBuildPhase;
			buildActionMask = 2147483647;
			files = (
				7F520EE823FC7FDD00E04122 /* AppBuildOneTests.swift in Sources */,
			);
			runOnlyForDeploymentPostprocessing = 0;
		};
		7F520EEA23FC7FDE00E04122 /* Sources */ = {
			isa = PBXSourcesBuildPhase;
			buildActionMask = 2147483647;
			files = (
				7F520EF323FC7FDE00E04122 /* AppBuildOneUITests.swift in Sources */,
			);
			runOnlyForDeploymentPostprocessing = 0;
		};
/* End PBXSourcesBuildPhase section */

/* Begin PBXTargetDependency section */
		7F520EE523FC7FDD00E04122 /* PBXTargetDependency */ = {
			isa = PBXTargetDependency;
			target = 7F520ECE23FC7FDC00E04122 /* AppBuildOne */;
			targetProxy = 7F520EE423FC7FDD00E04122 /* PBXContainerItemProxy */;
		};
		7F520EF023FC7FDE00E04122 /* PBXTargetDependency */ = {
			isa = PBXTargetDependency;
			target = 7F520ECE23FC7FDC00E04122 /* AppBuildOne */;
			targetProxy = 7F520EEF23FC7FDE00E04122 /* PBXContainerItemProxy */;
		};
/* End PBXTargetDependency section */

/* Begin PBXVariantGroup section */
		7F520ED623FC7FDC00E04122 /* Main.storyboard */ = {
			isa = PBXVariantGroup;
			children = (
				7F520ED723FC7FDC00E04122 /* Base */,
			);
			name = Main.storyboard;
			sourceTree = "<group>";
		};
		7F520EDB23FC7FDD00E04122 /* LaunchScreen.storyboard */ = {
			isa = PBXVariantGroup;
			children = (
				7F520EDC23FC7FDD00E04122 /* Base */,
			);
			name = LaunchScreen.storyboard;
			sourceTree = "<group>";
		};
/* End PBXVariantGroup section */

/* Begin XCBuildConfiguration section */
		7F520EF523FC7FDE00E04122 /* Debug */ = {
			isa = XCBuildConfiguration;
			buildSettings = {
				ALWAYS_SEARCH_USER_PATHS = NO;
				CLANG_ANALYZER_NONNULL = YES;
				CLANG_ANALYZER_NUMBER_OBJECT_CONVERSION = YES_AGGRESSIVE;
				CLANG_CXX_LANGUAGE_STANDARD = "gnu++14";
				CLANG_CXX_LIBRARY = "libc++";
				CLANG_ENABLE_MODULES = YES;
				CLANG_ENABLE_OBJC_ARC = YES;
				CLANG_ENABLE_OBJC_WEAK = YES;
				CLANG_WARN_BLOCK_CAPTURE_AUTORELEASING = YES;
				CLANG_WARN_BOOL_CONVERSION = YES;
				CLANG_WARN_COMMA = YES;
				CLANG_WARN_CONSTANT_CONVERSION = YES;
				CLANG_WARN_DEPRECATED_OBJC_IMPLEMENTATIONS = YES;
				CLANG_WARN_DIRECT_OBJC_ISA_USAGE = YES_ERROR;
				CLANG_WARN_DOCUMENTATION_COMMENTS = YES;
				CLANG_WARN_EMPTY_BODY = YES;
				CLANG_WARN_ENUM_CONVERSION = YES;
				CLANG_WARN_INFINITE_RECURSION = YES;
				CLANG_WARN_INT_CONVERSION = YES;
				CLANG_WARN_NON_LITERAL_NULL_CONVERSION = YES;
				CLANG_WARN_OBJC_IMPLICIT_RETAIN_SELF = YES;
				CLANG_WARN_OBJC_LITERAL_CONVERSION = YES;
				CLANG_WARN_OBJC_ROOT_CLASS = YES_ERROR;
				CLANG_WARN_RANGE_LOOP_ANALYSIS = YES;
				CLANG_WARN_STRICT_PROTOTYPES = YES;
				CLANG_WARN_SUSPICIOUS_MOVE = YES;
				CLANG_WARN_UNGUARDED_AVAILABILITY = YES_AGGRESSIVE;
				CLANG_WARN_UNREACHABLE_CODE = YES;
				CLANG_WARN__DUPLICATE_METHOD_MATCH = YES;
				CODE_SIGN_IDENTITY = "iPhone Developer";
				COPY_PHASE_STRIP = NO;
				DEBUG_INFORMATION_FORMAT = dwarf;
				ENABLE_STRICT_OBJC_MSGSEND = YES;
				ENABLE_TESTABILITY = YES;
				GCC_C_LANGUAGE_STANDARD = gnu11;
				GCC_DYNAMIC_NO_PIC = NO;
				GCC_NO_COMMON_BLOCKS = YES;
				GCC_OPTIMIZATION_LEVEL = 0;
				GCC_PREPROCESSOR_DEFINITIONS = (
					"DEBUG=1",
					"$(inherited)",
				);
				GCC_WARN_64_TO_32_BIT_CONVERSION = YES;
				GCC_WARN_ABOUT_RETURN_TYPE = YES_ERROR;
				GCC_WARN_UNDECLARED_SELECTOR = YES;
				GCC_WARN_UNINITIALIZED_AUTOS = YES_AGGRESSIVE;
				GCC_WARN_UNUSED_FUNCTION = YES;
				GCC_WARN_UNUSED_VARIABLE = YES;
				IPHONEOS_DEPLOYMENT_TARGET = 12.1;
				MTL_ENABLE_DEBUG_INFO = INCLUDE_SOURCE;
				MTL_FAST_MATH = YES;
				ONLY_ACTIVE_ARCH = YES;
				SDKROOT = iphoneos;
				SWIFT_ACTIVE_COMPILATION_CONDITIONS = DEBUG;
				SWIFT_OPTIMIZATION_LEVEL = "-Onone";
			};
			name = Debug;
		};
		7F520EF623FC7FDE00E04122 /* Release */ = {
			isa = XCBuildConfiguration;
			buildSettings = {
				ALWAYS_SEARCH_USER_PATHS = NO;
				CLANG_ANALYZER_NONNULL = YES;
				CLANG_ANALYZER_NUMBER_OBJECT_CONVERSION = YES_AGGRESSIVE;
				CLANG_CXX_LANGUAGE_STANDARD = "gnu++14";
				CLANG_CXX_LIBRARY = "libc++";
				CLANG_ENABLE_MODULES = YES;
				CLANG_ENABLE_OBJC_ARC = YES;
				CLANG_ENABLE_OBJC_WEAK = YES;
				CLANG_WARN_BLOCK_CAPTURE_AUTORELEASING = YES;
				CLANG_WARN_BOOL_CONVERSION = YES;
				CLANG_WARN_COMMA = YES;
				CLANG_WARN_CONSTANT_CONVERSION = YES;
				CLANG_WARN_DEPRECATED_OBJC_IMPLEMENTATIONS = YES;
				CLANG_WARN_DIRECT_OBJC_ISA_USAGE = YES_ERROR;
				CLANG_WARN_DOCUMENTATION_COMMENTS = YES;
				CLANG_WARN_EMPTY_BODY = YES;
				CLANG_WARN_ENUM_CONVERSION = YES;
				CLANG_WARN_INFINITE_RECURSION = YES;
				CLANG_WARN_INT_CONVERSION = YES;
				CLANG_WARN_NON_LITERAL_NULL_CONVERSION = YES;
				CLANG_WARN_OBJC_IMPLICIT_RETAIN_SELF = YES;
				CLANG_WARN_OBJC_LITERAL_CONVERSION = YES;
				CLANG_WARN_OBJC_ROOT_CLASS = YES_ERROR;
				CLANG_WARN_RANGE_LOOP_ANALYSIS = YES;
				CLANG_WARN_STRICT_PROTOTYPES = YES;
				CLANG_WARN_SUSPICIOUS_MOVE = YES;
				CLANG_WARN_UNGUARDED_AVAILABILITY = YES_AGGRESSIVE;
				CLANG_WARN_UNREACHABLE_CODE = YES;
				CLANG_WARN__DUPLICATE_METHOD_MATCH = YES;
				CODE_SIGN_IDENTITY = "iPhone Developer";
				COPY_PHASE_STRIP = NO;
				DEBUG_INFORMATION_FORMAT = "dwarf-with-dsym";
				ENABLE_NS_ASSERTIONS = NO;
				ENABLE_STRICT_OBJC_MSGSEND = YES;
				GCC_C_LANGUAGE_STANDARD = gnu11;
				GCC_NO_COMMON_BLOCKS = YES;
				GCC_WARN_64_TO_32_BIT_CONVERSION = YES;
				GCC_WARN_ABOUT_RETURN_TYPE = YES_ERROR;
				GCC_WARN_UNDECLARED_SELECTOR = YES;
				GCC_WARN_UNINITIALIZED_AUTOS = YES_AGGRESSIVE;
				GCC_WARN_UNUSED_FUNCTION = YES;
				GCC_WARN_UNUSED_VARIABLE = YES;
				IPHONEOS_DEPLOYMENT_TARGET = 12.1;
				MTL_ENABLE_DEBUG_INFO = NO;
				MTL_FAST_MATH = YES;
				SDKROOT = iphoneos;
				SWIFT_COMPILATION_MODE = wholemodule;
				SWIFT_OPTIMIZATION_LEVEL = "-O";
				VALIDATE_PRODUCT = YES;
			};
			name = Release;
		};
		7F520EF823FC7FDE00E04122 /* Debug */ = {
			isa = XCBuildConfiguration;
			buildSettings = {
				ASSETCATALOG_COMPILER_APPICON_NAME = AppIcon;
				CODE_SIGN_STYLE = Automatic;
				DEVELOPMENT_TEAM = TX8DFF2J65;
				INFOPLIST_FILE = AppBuildOne/Info.plist;
				LD_RUNPATH_SEARCH_PATHS = (
					"$(inherited)",
					"@executable_path/Frameworks",
				);
				PRODUCT_BUNDLE_IDENTIFIER = UHWO.AppBuildOne;
				PRODUCT_NAME = "$(TARGET_NAME)";
				SWIFT_VERSION = 4.2;
				TARGETED_DEVICE_FAMILY = "1,2";
			};
			name = Debug;
		};
		7F520EF923FC7FDE00E04122 /* Release */ = {
			isa = XCBuildConfiguration;
			buildSettings = {
				ASSETCATALOG_COMPILER_APPICON_NAME = AppIcon;
				CODE_SIGN_STYLE = Automatic;
				DEVELOPMENT_TEAM = TX8DFF2J65;
				INFOPLIST_FILE = AppBuildOne/Info.plist;
				LD_RUNPATH_SEARCH_PATHS = (
					"$(inherited)",
					"@executable_path/Frameworks",
				);
				PRODUCT_BUNDLE_IDENTIFIER = UHWO.AppBuildOne;
				PRODUCT_NAME = "$(TARGET_NAME)";
				SWIFT_VERSION = 4.2;
				TARGETED_DEVICE_FAMILY = "1,2";
			};
			name = Release;
		};
		7F520EFB23FC7FDE00E04122 /* Debug */ = {
			isa = XCBuildConfiguration;
			buildSettings = {
				ALWAYS_EMBED_SWIFT_STANDARD_LIBRARIES = YES;
				BUNDLE_LOADER = "$(TEST_HOST)";
				CODE_SIGN_STYLE = Automatic;
				DEVELOPMENT_TEAM = TX8DFF2J65;
				INFOPLIST_FILE = AppBuildOneTests/Info.plist;
				LD_RUNPATH_SEARCH_PATHS = (
					"$(inherited)",
					"@executable_path/Frameworks",
					"@loader_path/Frameworks",
				);
				PRODUCT_BUNDLE_IDENTIFIER = UHWO.AppBuildOneTests;
				PRODUCT_NAME = "$(TARGET_NAME)";
				SWIFT_VERSION = 4.2;
				TARGETED_DEVICE_FAMILY = "1,2";
				TEST_HOST = "$(BUILT_PRODUCTS_DIR)/AppBuildOne.app/AppBuildOne";
			};
			name = Debug;
		};
		7F520EFC23FC7FDE00E04122 /* Release */ = {
			isa = XCBuildConfiguration;
			buildSettings = {
				ALWAYS_EMBED_SWIFT_STANDARD_LIBRARIES = YES;
				BUNDLE_LOADER = "$(TEST_HOST)";
				CODE_SIGN_STYLE = Automatic;
				DEVELOPMENT_TEAM = TX8DFF2J65;
				INFOPLIST_FILE = AppBuildOneTests/Info.plist;
				LD_RUNPATH_SEARCH_PATHS = (
					"$(inherited)",
					"@executable_path/Frameworks",
					"@loader_path/Frameworks",
				);
				PRODUCT_BUNDLE_IDENTIFIER = UHWO.AppBuildOneTests;
				PRODUCT_NAME = "$(TARGET_NAME)";
				SWIFT_VERSION = 4.2;
				TARGETED_DEVICE_FAMILY = "1,2";
				TEST_HOST = "$(BUILT_PRODUCTS_DIR)/AppBuildOne.app/AppBuildOne";
			};
			name = Release;
		};
		7F520EFE23FC7FDE00E04122 /* Debug */ = {
			isa = XCBuildConfiguration;
			buildSettings = {
				ALWAYS_EMBED_SWIFT_STANDARD_LIBRARIES = YES;
				CODE_SIGN_STYLE = Automatic;
				DEVELOPMENT_TEAM = TX8DFF2J65;
				INFOPLIST_FILE = AppBuildOneUITests/Info.plist;
				LD_RUNPATH_SEARCH_PATHS = (
					"$(inherited)",
					"@executable_path/Frameworks",
					"@loader_path/Frameworks",
				);
				PRODUCT_BUNDLE_IDENTIFIER = UHWO.AppBuildOneUITests;
				PRODUCT_NAME = "$(TARGET_NAME)";
				SWIFT_VERSION = 4.2;
				TARGETED_DEVICE_FAMILY = "1,2";
				TEST_TARGET_NAME = AppBuildOne;
			};
			name = Debug;
		};
		7F520EFF23FC7FDE00E04122 /* Release */ = {
			isa = XCBuildConfiguration;
			buildSettings = {
				ALWAYS_EMBED_SWIFT_STANDARD_LIBRARIES = YES;
				CODE_SIGN_STYLE = Automatic;
				DEVELOPMENT_TEAM = TX8DFF2J65;
				INFOPLIST_FILE = AppBuildOneUITests/Info.plist;
				LD_RUNPATH_SEARCH_PATHS = (
					"$(inherited)",
					"@executable_path/Frameworks",
					"@loader_path/Frameworks",
				);
				PRODUCT_BUNDLE_IDENTIFIER = UHWO.AppBuildOneUITests;
				PRODUCT_NAME = "$(TARGET_NAME)";
				SWIFT_VERSION = 4.2;
				TARGETED_DEVICE_FAMILY = "1,2";
				TEST_TARGET_NAME = AppBuildOne;
			};
			name = Release;
		};
/* End XCBuildConfiguration section */

/* Begin XCConfigurationList section */
		7F520ECA23FC7FDC00E04122 /* Build configuration list for PBXProject "AppBuildOne" */ = {
			isa = XCConfigurationList;
			buildConfigurations = (
				7F520EF523FC7FDE00E04122 /* Debug */,
				7F520EF623FC7FDE00E04122 /* Release */,
			);
			defaultConfigurationIsVisible = 0;
			defaultConfigurationName = Release;
		};
		7F520EF723FC7FDE00E04122 /* Build configuration list for PBXNativeTarget "AppBuildOne" */ = {
			isa = XCConfigurationList;
			buildConfigurations = (
				7F520EF823FC7FDE00E04122 /* Debug */,
				7F520EF923FC7FDE00E04122 /* Release */,
			);
			defaultConfigurationIsVisible = 0;
			defaultConfigurationName = Release;
		};
		7F520EFA23FC7FDE00E04122 /* Build configuration list for PBXNativeTarget "AppBuildOneTests" */ = {
			isa = XCConfigurationList;
			buildConfigurations = (
				7F520EFB23FC7FDE00E04122 /* Debug */,
				7F520EFC23FC7FDE00E04122 /* Release */,
			);
			defaultConfigurationIsVisible = 0;
			defaultConfigurationName = Release;
		};
		7F520EFD23FC7FDE00E04122 /* Build configuration list for PBXNativeTarget "AppBuildOneUITests" */ = {
			isa = XCConfigurationList;
			buildConfigurations = (
				7F520EFE23FC7FDE00E04122 /* Debug */,
				7F520EFF23FC7FDE00E04122 /* Release */,
			);
			defaultConfigurationIsVisible = 0;
			defaultConfigurationName = Release;
		};
/* End XCConfigurationList section */
	};
	rootObject = 7F520EC723FC7FDC00E04122 /* Project object */;
}
